// !$*UTF8*$!
{
	archiveVersion = 1;
	classes = {
	};
	objectVersion = 46;
	objects = {

/* Begin PBXBuildFile section */
		19449DDA18CBB94400B95D89 /* AppNaviViewController.m in Sources */ = {isa = PBXBuildFile; fileRef = 19449DD918CBB94400B95D89 /* AppNaviViewController.m */; };
		1969757C18A2E379004AC6EE /* Foundation.framework in Frameworks */ = {isa = PBXBuildFile; fileRef = 1969757B18A2E379004AC6EE /* Foundation.framework */; };
		1969757E18A2E379004AC6EE /* CoreGraphics.framework in Frameworks */ = {isa = PBXBuildFile; fileRef = 1969757D18A2E379004AC6EE /* CoreGraphics.framework */; };
		1969758018A2E379004AC6EE /* UIKit.framework in Frameworks */ = {isa = PBXBuildFile; fileRef = 1969757F18A2E379004AC6EE /* UIKit.framework */; };
		1969758618A2E379004AC6EE /* InfoPlist.strings in Resources */ = {isa = PBXBuildFile; fileRef = 1969758418A2E379004AC6EE /* InfoPlist.strings */; };
		1969758818A2E379004AC6EE /* main.m in Sources */ = {isa = PBXBuildFile; fileRef = 1969758718A2E379004AC6EE /* main.m */; };
		1969758C18A2E379004AC6EE /* AppDelegate.m in Sources */ = {isa = PBXBuildFile; fileRef = 1969758B18A2E379004AC6EE /* AppDelegate.m */; };
		1969758E18A2E379004AC6EE /* Images.xcassets in Resources */ = {isa = PBXBuildFile; fileRef = 1969758D18A2E379004AC6EE /* Images.xcassets */; };
		1969759518A2E379004AC6EE /* XCTest.framework in Frameworks */ = {isa = PBXBuildFile; fileRef = 1969759418A2E379004AC6EE /* XCTest.framework */; };
		1969759618A2E379004AC6EE /* Foundation.framework in Frameworks */ = {isa = PBXBuildFile; fileRef = 1969757B18A2E379004AC6EE /* Foundation.framework */; };
		1969759718A2E379004AC6EE /* UIKit.framework in Frameworks */ = {isa = PBXBuildFile; fileRef = 1969757F18A2E379004AC6EE /* UIKit.framework */; };
		1969759F18A2E379004AC6EE /* InfoPlist.strings in Resources */ = {isa = PBXBuildFile; fileRef = 1969759D18A2E379004AC6EE /* InfoPlist.strings */; };
		196975A118A2E379004AC6EE /* NBGITests.m in Sources */ = {isa = PBXBuildFile; fileRef = 196975A018A2E379004AC6EE /* NBGITests.m */; };
		22204A5718C00E6A00AD4637 /* BlahViewController.m in Sources */ = {isa = PBXBuildFile; fileRef = 22204A5618C00E6A00AD4637 /* BlahViewController.m */; };
		3236694318BC54E40067A632 /* Main.storyboard in Resources */ = {isa = PBXBuildFile; fileRef = 3236694218BC54E40067A632 /* Main.storyboard */; };
		3236696418BDDD2A0067A632 /* MainViewController.m in Sources */ = {isa = PBXBuildFile; fileRef = 3236696318BDDD2A0067A632 /* MainViewController.m */; };
		3298A01618BEBD860060DE8C /* Connect4Scene.m in Sources */ = {isa = PBXBuildFile; fileRef = 3298A01518BEBD860060DE8C /* Connect4Scene.m */; };
		3298A05F18BF23960060DE8C /* blueChip.png in Resources */ = {isa = PBXBuildFile; fileRef = 3298A05B18BF23960060DE8C /* blueChip.png */; };
		3298A06018BF23960060DE8C /* board.png in Resources */ = {isa = PBXBuildFile; fileRef = 3298A05C18BF23960060DE8C /* board.png */; };
		3298A06118BF23960060DE8C /* redChip.png in Resources */ = {isa = PBXBuildFile; fileRef = 3298A05D18BF23960060DE8C /* redChip.png */; };
		3298A06218BF23960060DE8C /* whiteChip.png in Resources */ = {isa = PBXBuildFile; fileRef = 3298A05E18BF23960060DE8C /* whiteChip.png */; };
		3298A06518BF2B8C0060DE8C /* Move.m in Sources */ = {isa = PBXBuildFile; fileRef = 3298A06418BF2B8C0060DE8C /* Move.m */; };
		32A3FB0818D002BB0068AA03 /* SBJsonParser.m in Sources */ = {isa = PBXBuildFile; fileRef = 32A3FAE218D002BB0068AA03 /* SBJsonParser.m */; };
		32A3FB0918D002BB0068AA03 /* SBJsonStreamParser.m in Sources */ = {isa = PBXBuildFile; fileRef = 32A3FAE418D002BB0068AA03 /* SBJsonStreamParser.m */; };
		32A3FB0A18D002BB0068AA03 /* SBJsonStreamParserAccumulator.m in Sources */ = {isa = PBXBuildFile; fileRef = 32A3FAE618D002BB0068AA03 /* SBJsonStreamParserAccumulator.m */; };
		32A3FB0B18D002BB0068AA03 /* SBJsonStreamParserAdapter.m in Sources */ = {isa = PBXBuildFile; fileRef = 32A3FAE818D002BB0068AA03 /* SBJsonStreamParserAdapter.m */; };
		32A3FB0C18D002BB0068AA03 /* SBJsonStreamParserState.m in Sources */ = {isa = PBXBuildFile; fileRef = 32A3FAEA18D002BB0068AA03 /* SBJsonStreamParserState.m */; };
		32A3FB0D18D002BB0068AA03 /* SBJsonStreamTokeniser.m in Sources */ = {isa = PBXBuildFile; fileRef = 32A3FAEC18D002BB0068AA03 /* SBJsonStreamTokeniser.m */; };
		32A3FB0E18D002BB0068AA03 /* SBJsonStreamWriter.m in Sources */ = {isa = PBXBuildFile; fileRef = 32A3FAEE18D002BB0068AA03 /* SBJsonStreamWriter.m */; };
		32A3FB0F18D002BB0068AA03 /* SBJsonStreamWriterAccumulator.m in Sources */ = {isa = PBXBuildFile; fileRef = 32A3FAF018D002BB0068AA03 /* SBJsonStreamWriterAccumulator.m */; };
		32A3FB1018D002BB0068AA03 /* SBJsonStreamWriterState.m in Sources */ = {isa = PBXBuildFile; fileRef = 32A3FAF218D002BB0068AA03 /* SBJsonStreamWriterState.m */; };
		32A3FB1118D002BB0068AA03 /* SBJsonWriter.m in Sources */ = {isa = PBXBuildFile; fileRef = 32A3FAF418D002BB0068AA03 /* SBJsonWriter.m */; };
		32A3FB1218D002BB0068AA03 /* SocketIO.m in Sources */ = {isa = PBXBuildFile; fileRef = 32A3FAF618D002BB0068AA03 /* SocketIO.m */; };
		32A3FB1318D002BB0068AA03 /* SocketIOJSONSerialization.m in Sources */ = {isa = PBXBuildFile; fileRef = 32A3FAF818D002BB0068AA03 /* SocketIOJSONSerialization.m */; };
		32A3FB1418D002BB0068AA03 /* SocketIOPacket.m in Sources */ = {isa = PBXBuildFile; fileRef = 32A3FAFA18D002BB0068AA03 /* SocketIOPacket.m */; };
		32A3FB1518D002BB0068AA03 /* SocketIOTransportWebsocket.m in Sources */ = {isa = PBXBuildFile; fileRef = 32A3FAFD18D002BB0068AA03 /* SocketIOTransportWebsocket.m */; };
		32A3FB1618D002BB0068AA03 /* SocketIOTransportXHR.m in Sources */ = {isa = PBXBuildFile; fileRef = 32A3FAFF18D002BB0068AA03 /* SocketIOTransportXHR.m */; };
		32A3FB1718D002BB0068AA03 /* base64.c in Sources */ = {isa = PBXBuildFile; fileRef = 32A3FB0118D002BB0068AA03 /* base64.c */; };
		32A3FB1818D002BB0068AA03 /* NSData+SRB64Additions.m in Sources */ = {isa = PBXBuildFile; fileRef = 32A3FB0418D002BB0068AA03 /* NSData+SRB64Additions.m */; };
		32A3FB1C18D0033F0068AA03 /* SRWebSocket.m in Sources */ = {isa = PBXBuildFile; fileRef = 32A3FB1B18D0033F0068AA03 /* SRWebSocket.m */; };
		32A3FB1E18D0037E0068AA03 /* CFNetwork.framework in Frameworks */ = {isa = PBXBuildFile; fileRef = 32A3FB1D18D0037E0068AA03 /* CFNetwork.framework */; };
		32A3FB2018D003AD0068AA03 /* SystemConfiguration.framework in Frameworks */ = {isa = PBXBuildFile; fileRef = 32A3FB1F18D003AD0068AA03 /* SystemConfiguration.framework */; };
		32A3FB2218D003BD0068AA03 /* Security.framework in Frameworks */ = {isa = PBXBuildFile; fileRef = 32A3FB2118D003BD0068AA03 /* Security.framework */; };
		32A3FB2418D003C50068AA03 /* MobileCoreServices.framework in Frameworks */ = {isa = PBXBuildFile; fileRef = 32A3FB2318D003C50068AA03 /* MobileCoreServices.framework */; };
		32A3FB2618D003DC0068AA03 /* libicucore.dylib in Frameworks */ = {isa = PBXBuildFile; fileRef = 32A3FB2518D003DC0068AA03 /* libicucore.dylib */; };
		32A3FB2918D014A60068AA03 /* Player.m in Sources */ = {isa = PBXBuildFile; fileRef = 32A3FB2818D014A60068AA03 /* Player.m */; };
		32EC03EB18BEABDB00E3F7C7 /* Connect4ViewController.m in Sources */ = {isa = PBXBuildFile; fileRef = 32EC03EA18BEABDB00E3F7C7 /* Connect4ViewController.m */; };
/* End PBXBuildFile section */

/* Begin PBXContainerItemProxy section */
		1969759818A2E379004AC6EE /* PBXContainerItemProxy */ = {
			isa = PBXContainerItemProxy;
			containerPortal = 1969757018A2E379004AC6EE /* Project object */;
			proxyType = 1;
			remoteGlobalIDString = 1969757718A2E379004AC6EE;
			remoteInfo = NBGI;
		};
/* End PBXContainerItemProxy section */

/* Begin PBXFileReference section */
		19449DD818CBB94400B95D89 /* AppNaviViewController.h */ = {isa = PBXFileReference; fileEncoding = 4; lastKnownFileType = sourcecode.c.h; path = AppNaviViewController.h; sourceTree = "<group>"; };
		19449DD918CBB94400B95D89 /* AppNaviViewController.m */ = {isa = PBXFileReference; fileEncoding = 4; lastKnownFileType = sourcecode.c.objc; path = AppNaviViewController.m; sourceTree = "<group>"; };
		1969757818A2E379004AC6EE /* NBGI.app */ = {isa = PBXFileReference; explicitFileType = wrapper.application; includeInIndex = 0; path = NBGI.app; sourceTree = BUILT_PRODUCTS_DIR; };
		1969757B18A2E379004AC6EE /* Foundation.framework */ = {isa = PBXFileReference; lastKnownFileType = wrapper.framework; name = Foundation.framework; path = System/Library/Frameworks/Foundation.framework; sourceTree = SDKROOT; };
		1969757D18A2E379004AC6EE /* CoreGraphics.framework */ = {isa = PBXFileReference; lastKnownFileType = wrapper.framework; name = CoreGraphics.framework; path = System/Library/Frameworks/CoreGraphics.framework; sourceTree = SDKROOT; };
		1969757F18A2E379004AC6EE /* UIKit.framework */ = {isa = PBXFileReference; lastKnownFileType = wrapper.framework; name = UIKit.framework; path = System/Library/Frameworks/UIKit.framework; sourceTree = SDKROOT; };
		1969758318A2E379004AC6EE /* NBGI-Info.plist */ = {isa = PBXFileReference; lastKnownFileType = text.plist.xml; path = "NBGI-Info.plist"; sourceTree = "<group>"; };
		1969758518A2E379004AC6EE /* en */ = {isa = PBXFileReference; lastKnownFileType = text.plist.strings; name = en; path = en.lproj/InfoPlist.strings; sourceTree = "<group>"; };
		1969758718A2E379004AC6EE /* main.m */ = {isa = PBXFileReference; lastKnownFileType = sourcecode.c.objc; path = main.m; sourceTree = "<group>"; };
		1969758918A2E379004AC6EE /* NBGI-Prefix.pch */ = {isa = PBXFileReference; lastKnownFileType = sourcecode.c.h; path = "NBGI-Prefix.pch"; sourceTree = "<group>"; };
		1969758A18A2E379004AC6EE /* AppDelegate.h */ = {isa = PBXFileReference; lastKnownFileType = sourcecode.c.h; path = AppDelegate.h; sourceTree = "<group>"; };
		1969758B18A2E379004AC6EE /* AppDelegate.m */ = {isa = PBXFileReference; lastKnownFileType = sourcecode.c.objc; path = AppDelegate.m; sourceTree = "<group>"; };
		1969758D18A2E379004AC6EE /* Images.xcassets */ = {isa = PBXFileReference; lastKnownFileType = folder.assetcatalog; path = Images.xcassets; sourceTree = "<group>"; };
		1969759318A2E379004AC6EE /* NBGITests.xctest */ = {isa = PBXFileReference; explicitFileType = wrapper.cfbundle; includeInIndex = 0; path = NBGITests.xctest; sourceTree = BUILT_PRODUCTS_DIR; };
		1969759418A2E379004AC6EE /* XCTest.framework */ = {isa = PBXFileReference; lastKnownFileType = wrapper.framework; name = XCTest.framework; path = Library/Frameworks/XCTest.framework; sourceTree = DEVELOPER_DIR; };
		1969759C18A2E379004AC6EE /* NBGITests-Info.plist */ = {isa = PBXFileReference; lastKnownFileType = text.plist.xml; path = "NBGITests-Info.plist"; sourceTree = "<group>"; };
		1969759E18A2E379004AC6EE /* en */ = {isa = PBXFileReference; lastKnownFileType = text.plist.strings; name = en; path = en.lproj/InfoPlist.strings; sourceTree = "<group>"; };
		196975A018A2E379004AC6EE /* NBGITests.m */ = {isa = PBXFileReference; lastKnownFileType = sourcecode.c.objc; path = NBGITests.m; sourceTree = "<group>"; };
		22204A5518C00E6A00AD4637 /* BlahViewController.h */ = {isa = PBXFileReference; fileEncoding = 4; lastKnownFileType = sourcecode.c.h; path = BlahViewController.h; sourceTree = "<group>"; };
		22204A5618C00E6A00AD4637 /* BlahViewController.m */ = {isa = PBXFileReference; fileEncoding = 4; lastKnownFileType = sourcecode.c.objc; path = BlahViewController.m; sourceTree = "<group>"; };
		3236694218BC54E40067A632 /* Main.storyboard */ = {isa = PBXFileReference; fileEncoding = 4; lastKnownFileType = file.storyboard; name = Main.storyboard; path = ../Main.storyboard; sourceTree = "<group>"; };
		3236696218BDDD2A0067A632 /* MainViewController.h */ = {isa = PBXFileReference; fileEncoding = 4; lastKnownFileType = sourcecode.c.h; path = MainViewController.h; sourceTree = "<group>"; };
		3236696318BDDD2A0067A632 /* MainViewController.m */ = {isa = PBXFileReference; fileEncoding = 4; lastKnownFileType = sourcecode.c.objc; path = MainViewController.m; sourceTree = "<group>"; };
		3298A01418BEBD860060DE8C /* Connect4Scene.h */ = {isa = PBXFileReference; fileEncoding = 4; lastKnownFileType = sourcecode.c.h; name = Connect4Scene.h; path = ../Connect4Scene.h; sourceTree = "<group>"; };
		3298A01518BEBD860060DE8C /* Connect4Scene.m */ = {isa = PBXFileReference; fileEncoding = 4; lastKnownFileType = sourcecode.c.objc; name = Connect4Scene.m; path = ../Connect4Scene.m; sourceTree = "<group>"; };
		3298A05B18BF23960060DE8C /* blueChip.png */ = {isa = PBXFileReference; lastKnownFileType = image.png; name = blueChip.png; path = assets/blueChip.png; sourceTree = "<group>"; };
		3298A05C18BF23960060DE8C /* board.png */ = {isa = PBXFileReference; lastKnownFileType = image.png; name = board.png; path = assets/board.png; sourceTree = "<group>"; };
		3298A05D18BF23960060DE8C /* redChip.png */ = {isa = PBXFileReference; lastKnownFileType = image.png; name = redChip.png; path = assets/redChip.png; sourceTree = "<group>"; };
		3298A05E18BF23960060DE8C /* whiteChip.png */ = {isa = PBXFileReference; lastKnownFileType = image.png; name = whiteChip.png; path = assets/whiteChip.png; sourceTree = "<group>"; };
		3298A06318BF2B8C0060DE8C /* Move.h */ = {isa = PBXFileReference; fileEncoding = 4; lastKnownFileType = sourcecode.c.h; path = Move.h; sourceTree = "<group>"; };
		3298A06418BF2B8C0060DE8C /* Move.m */ = {isa = PBXFileReference; fileEncoding = 4; lastKnownFileType = sourcecode.c.objc; path = Move.m; sourceTree = "<group>"; };
		32A3FAE018D002BB0068AA03 /* SBJson.h */ = {isa = PBXFileReference; fileEncoding = 4; lastKnownFileType = sourcecode.c.h; path = SBJson.h; sourceTree = "<group>"; };
		32A3FAE118D002BB0068AA03 /* SBJsonParser.h */ = {isa = PBXFileReference; fileEncoding = 4; lastKnownFileType = sourcecode.c.h; path = SBJsonParser.h; sourceTree = "<group>"; };
		32A3FAE218D002BB0068AA03 /* SBJsonParser.m */ = {isa = PBXFileReference; fileEncoding = 4; lastKnownFileType = sourcecode.c.objc; path = SBJsonParser.m; sourceTree = "<group>"; };
		32A3FAE318D002BB0068AA03 /* SBJsonStreamParser.h */ = {isa = PBXFileReference; fileEncoding = 4; lastKnownFileType = sourcecode.c.h; path = SBJsonStreamParser.h; sourceTree = "<group>"; };
		32A3FAE418D002BB0068AA03 /* SBJsonStreamParser.m */ = {isa = PBXFileReference; fileEncoding = 4; lastKnownFileType = sourcecode.c.objc; path = SBJsonStreamParser.m; sourceTree = "<group>"; };
		32A3FAE518D002BB0068AA03 /* SBJsonStreamParserAccumulator.h */ = {isa = PBXFileReference; fileEncoding = 4; lastKnownFileType = sourcecode.c.h; path = SBJsonStreamParserAccumulator.h; sourceTree = "<group>"; };
		32A3FAE618D002BB0068AA03 /* SBJsonStreamParserAccumulator.m */ = {isa = PBXFileReference; fileEncoding = 4; lastKnownFileType = sourcecode.c.objc; path = SBJsonStreamParserAccumulator.m; sourceTree = "<group>"; };
		32A3FAE718D002BB0068AA03 /* SBJsonStreamParserAdapter.h */ = {isa = PBXFileReference; fileEncoding = 4; lastKnownFileType = sourcecode.c.h; path = SBJsonStreamParserAdapter.h; sourceTree = "<group>"; };
		32A3FAE818D002BB0068AA03 /* SBJsonStreamParserAdapter.m */ = {isa = PBXFileReference; fileEncoding = 4; lastKnownFileType = sourcecode.c.objc; path = SBJsonStreamParserAdapter.m; sourceTree = "<group>"; };
		32A3FAE918D002BB0068AA03 /* SBJsonStreamParserState.h */ = {isa = PBXFileReference; fileEncoding = 4; lastKnownFileType = sourcecode.c.h; path = SBJsonStreamParserState.h; sourceTree = "<group>"; };
		32A3FAEA18D002BB0068AA03 /* SBJsonStreamParserState.m */ = {isa = PBXFileReference; fileEncoding = 4; lastKnownFileType = sourcecode.c.objc; path = SBJsonStreamParserState.m; sourceTree = "<group>"; };
		32A3FAEB18D002BB0068AA03 /* SBJsonStreamTokeniser.h */ = {isa = PBXFileReference; fileEncoding = 4; lastKnownFileType = sourcecode.c.h; path = SBJsonStreamTokeniser.h; sourceTree = "<group>"; };
		32A3FAEC18D002BB0068AA03 /* SBJsonStreamTokeniser.m */ = {isa = PBXFileReference; fileEncoding = 4; lastKnownFileType = sourcecode.c.objc; path = SBJsonStreamTokeniser.m; sourceTree = "<group>"; };
		32A3FAED18D002BB0068AA03 /* SBJsonStreamWriter.h */ = {isa = PBXFileReference; fileEncoding = 4; lastKnownFileType = sourcecode.c.h; path = SBJsonStreamWriter.h; sourceTree = "<group>"; };
		32A3FAEE18D002BB0068AA03 /* SBJsonStreamWriter.m */ = {isa = PBXFileReference; fileEncoding = 4; lastKnownFileType = sourcecode.c.objc; path = SBJsonStreamWriter.m; sourceTree = "<group>"; };
		32A3FAEF18D002BB0068AA03 /* SBJsonStreamWriterAccumulator.h */ = {isa = PBXFileReference; fileEncoding = 4; lastKnownFileType = sourcecode.c.h; path = SBJsonStreamWriterAccumulator.h; sourceTree = "<group>"; };
		32A3FAF018D002BB0068AA03 /* SBJsonStreamWriterAccumulator.m */ = {isa = PBXFileReference; fileEncoding = 4; lastKnownFileType = sourcecode.c.objc; path = SBJsonStreamWriterAccumulator.m; sourceTree = "<group>"; };
		32A3FAF118D002BB0068AA03 /* SBJsonStreamWriterState.h */ = {isa = PBXFileReference; fileEncoding = 4; lastKnownFileType = sourcecode.c.h; path = SBJsonStreamWriterState.h; sourceTree = "<group>"; };
		32A3FAF218D002BB0068AA03 /* SBJsonStreamWriterState.m */ = {isa = PBXFileReference; fileEncoding = 4; lastKnownFileType = sourcecode.c.objc; path = SBJsonStreamWriterState.m; sourceTree = "<group>"; };
		32A3FAF318D002BB0068AA03 /* SBJsonWriter.h */ = {isa = PBXFileReference; fileEncoding = 4; lastKnownFileType = sourcecode.c.h; path = SBJsonWriter.h; sourceTree = "<group>"; };
		32A3FAF418D002BB0068AA03 /* SBJsonWriter.m */ = {isa = PBXFileReference; fileEncoding = 4; lastKnownFileType = sourcecode.c.objc; path = SBJsonWriter.m; sourceTree = "<group>"; };
		32A3FAF518D002BB0068AA03 /* SocketIO.h */ = {isa = PBXFileReference; fileEncoding = 4; lastKnownFileType = sourcecode.c.h; path = SocketIO.h; sourceTree = "<group>"; };
		32A3FAF618D002BB0068AA03 /* SocketIO.m */ = {isa = PBXFileReference; fileEncoding = 4; lastKnownFileType = sourcecode.c.objc; path = SocketIO.m; sourceTree = "<group>"; };
		32A3FAF718D002BB0068AA03 /* SocketIOJSONSerialization.h */ = {isa = PBXFileReference; fileEncoding = 4; lastKnownFileType = sourcecode.c.h; path = SocketIOJSONSerialization.h; sourceTree = "<group>"; };
		32A3FAF818D002BB0068AA03 /* SocketIOJSONSerialization.m */ = {isa = PBXFileReference; fileEncoding = 4; lastKnownFileType = sourcecode.c.objc; path = SocketIOJSONSerialization.m; sourceTree = "<group>"; };
		32A3FAF918D002BB0068AA03 /* SocketIOPacket.h */ = {isa = PBXFileReference; fileEncoding = 4; lastKnownFileType = sourcecode.c.h; path = SocketIOPacket.h; sourceTree = "<group>"; };
		32A3FAFA18D002BB0068AA03 /* SocketIOPacket.m */ = {isa = PBXFileReference; fileEncoding = 4; lastKnownFileType = sourcecode.c.objc; path = SocketIOPacket.m; sourceTree = "<group>"; };
		32A3FAFB18D002BB0068AA03 /* SocketIOTransport.h */ = {isa = PBXFileReference; fileEncoding = 4; lastKnownFileType = sourcecode.c.h; path = SocketIOTransport.h; sourceTree = "<group>"; };
		32A3FAFC18D002BB0068AA03 /* SocketIOTransportWebsocket.h */ = {isa = PBXFileReference; fileEncoding = 4; lastKnownFileType = sourcecode.c.h; path = SocketIOTransportWebsocket.h; sourceTree = "<group>"; };
		32A3FAFD18D002BB0068AA03 /* SocketIOTransportWebsocket.m */ = {isa = PBXFileReference; fileEncoding = 4; lastKnownFileType = sourcecode.c.objc; path = SocketIOTransportWebsocket.m; sourceTree = "<group>"; };
		32A3FAFE18D002BB0068AA03 /* SocketIOTransportXHR.h */ = {isa = PBXFileReference; fileEncoding = 4; lastKnownFileType = sourcecode.c.h; path = SocketIOTransportXHR.h; sourceTree = "<group>"; };
		32A3FAFF18D002BB0068AA03 /* SocketIOTransportXHR.m */ = {isa = PBXFileReference; fileEncoding = 4; lastKnownFileType = sourcecode.c.objc; path = SocketIOTransportXHR.m; sourceTree = "<group>"; };
		32A3FB0118D002BB0068AA03 /* base64.c */ = {isa = PBXFileReference; fileEncoding = 4; lastKnownFileType = sourcecode.c.c; path = base64.c; sourceTree = "<group>"; };
		32A3FB0218D002BB0068AA03 /* base64.h */ = {isa = PBXFileReference; fileEncoding = 4; lastKnownFileType = sourcecode.c.h; path = base64.h; sourceTree = "<group>"; };
		32A3FB0318D002BB0068AA03 /* NSData+SRB64Additions.h */ = {isa = PBXFileReference; fileEncoding = 4; lastKnownFileType = sourcecode.c.h; path = "NSData+SRB64Additions.h"; sourceTree = "<group>"; };
		32A3FB0418D002BB0068AA03 /* NSData+SRB64Additions.m */ = {isa = PBXFileReference; fileEncoding = 4; lastKnownFileType = sourcecode.c.objc; path = "NSData+SRB64Additions.m"; sourceTree = "<group>"; };
		32A3FB0518D002BB0068AA03 /* SocketRocket-Prefix.pch */ = {isa = PBXFileReference; fileEncoding = 4; lastKnownFileType = sourcecode.c.h; path = "SocketRocket-Prefix.pch"; sourceTree = "<group>"; };
		32A3FB1A18D0033F0068AA03 /* SRWebSocket.h */ = {isa = PBXFileReference; fileEncoding = 4; lastKnownFileType = sourcecode.c.h; path = SRWebSocket.h; sourceTree = "<group>"; };
		32A3FB1B18D0033F0068AA03 /* SRWebSocket.m */ = {isa = PBXFileReference; fileEncoding = 4; lastKnownFileType = sourcecode.c.objc; path = SRWebSocket.m; sourceTree = "<group>"; };
		32A3FB1D18D0037E0068AA03 /* CFNetwork.framework */ = {isa = PBXFileReference; lastKnownFileType = wrapper.framework; name = CFNetwork.framework; path = System/Library/Frameworks/CFNetwork.framework; sourceTree = SDKROOT; };
		32A3FB1F18D003AD0068AA03 /* SystemConfiguration.framework */ = {isa = PBXFileReference; lastKnownFileType = wrapper.framework; name = SystemConfiguration.framework; path = System/Library/Frameworks/SystemConfiguration.framework; sourceTree = SDKROOT; };
		32A3FB2118D003BD0068AA03 /* Security.framework */ = {isa = PBXFileReference; lastKnownFileType = wrapper.framework; name = Security.framework; path = System/Library/Frameworks/Security.framework; sourceTree = SDKROOT; };
		32A3FB2318D003C50068AA03 /* MobileCoreServices.framework */ = {isa = PBXFileReference; lastKnownFileType = wrapper.framework; name = MobileCoreServices.framework; path = System/Library/Frameworks/MobileCoreServices.framework; sourceTree = SDKROOT; };
		32A3FB2518D003DC0068AA03 /* libicucore.dylib */ = {isa = PBXFileReference; lastKnownFileType = "compiled.mach-o.dylib"; name = libicucore.dylib; path = usr/lib/libicucore.dylib; sourceTree = SDKROOT; };
		32A3FB2718D014A60068AA03 /* Player.h */ = {isa = PBXFileReference; fileEncoding = 4; lastKnownFileType = sourcecode.c.h; path = Player.h; sourceTree = "<group>"; };
		32A3FB2818D014A60068AA03 /* Player.m */ = {isa = PBXFileReference; fileEncoding = 4; lastKnownFileType = sourcecode.c.objc; path = Player.m; sourceTree = "<group>"; };
		32EC03E918BEABDB00E3F7C7 /* Connect4ViewController.h */ = {isa = PBXFileReference; fileEncoding = 4; lastKnownFileType = sourcecode.c.h; path = Connect4ViewController.h; sourceTree = "<group>"; };
		32EC03EA18BEABDB00E3F7C7 /* Connect4ViewController.m */ = {isa = PBXFileReference; fileEncoding = 4; lastKnownFileType = sourcecode.c.objc; path = Connect4ViewController.m; sourceTree = "<group>"; };
/* End PBXFileReference section */

/* Begin PBXFrameworksBuildPhase section */
		1969757518A2E379004AC6EE /* Frameworks */ = {
			isa = PBXFrameworksBuildPhase;
			buildActionMask = 2147483647;
			files = (
				32A3FB2618D003DC0068AA03 /* libicucore.dylib in Frameworks */,
				32A3FB2418D003C50068AA03 /* MobileCoreServices.framework in Frameworks */,
				32A3FB2218D003BD0068AA03 /* Security.framework in Frameworks */,
				32A3FB2018D003AD0068AA03 /* SystemConfiguration.framework in Frameworks */,
				32A3FB1E18D0037E0068AA03 /* CFNetwork.framework in Frameworks */,
				1969757E18A2E379004AC6EE /* CoreGraphics.framework in Frameworks */,
				1969758018A2E379004AC6EE /* UIKit.framework in Frameworks */,
				1969757C18A2E379004AC6EE /* Foundation.framework in Frameworks */,
			);
			runOnlyForDeploymentPostprocessing = 0;
		};
		1969759018A2E379004AC6EE /* Frameworks */ = {
			isa = PBXFrameworksBuildPhase;
			buildActionMask = 2147483647;
			files = (
				1969759518A2E379004AC6EE /* XCTest.framework in Frameworks */,
				1969759718A2E379004AC6EE /* UIKit.framework in Frameworks */,
				1969759618A2E379004AC6EE /* Foundation.framework in Frameworks */,
			);
			runOnlyForDeploymentPostprocessing = 0;
		};
/* End PBXFrameworksBuildPhase section */

/* Begin PBXGroup section */
		1969756F18A2E379004AC6EE = {
			isa = PBXGroup;
			children = (
				1969758118A2E379004AC6EE /* NBGI */,
				1969759A18A2E379004AC6EE /* NBGITests */,
				1969757A18A2E379004AC6EE /* Frameworks */,
				1969757918A2E379004AC6EE /* Products */,
			);
			sourceTree = "<group>";
		};
		1969757918A2E379004AC6EE /* Products */ = {
			isa = PBXGroup;
			children = (
				1969757818A2E379004AC6EE /* NBGI.app */,
				1969759318A2E379004AC6EE /* NBGITests.xctest */,
			);
			name = Products;
			sourceTree = "<group>";
		};
		1969757A18A2E379004AC6EE /* Frameworks */ = {
			isa = PBXGroup;
			children = (
				32A3FB2518D003DC0068AA03 /* libicucore.dylib */,
				32A3FB2318D003C50068AA03 /* MobileCoreServices.framework */,
				32A3FB2118D003BD0068AA03 /* Security.framework */,
				32A3FB1F18D003AD0068AA03 /* SystemConfiguration.framework */,
				32A3FB1D18D0037E0068AA03 /* CFNetwork.framework */,
				1969757B18A2E379004AC6EE /* Foundation.framework */,
				1969757D18A2E379004AC6EE /* CoreGraphics.framework */,
				1969757F18A2E379004AC6EE /* UIKit.framework */,
				1969759418A2E379004AC6EE /* XCTest.framework */,
			);
			name = Frameworks;
			sourceTree = "<group>";
		};
		1969758118A2E379004AC6EE /* NBGI */ = {
			isa = PBXGroup;
			children = (
				32A3FADE18D002BB0068AA03 /* socketio.objc */,
				3298A01818BEC1D70060DE8C /* scenes */,
				3298A01718BEC1D00060DE8C /* assets */,
				3236695418BDD1C90067A632 /* models */,
				3236695318BDD16F0067A632 /* controllers */,
				1969758A18A2E379004AC6EE /* AppDelegate.h */,
				1969758B18A2E379004AC6EE /* AppDelegate.m */,
				3236694218BC54E40067A632 /* Main.storyboard */,
				1969758D18A2E379004AC6EE /* Images.xcassets */,
				1969758218A2E379004AC6EE /* Supporting Files */,
			);
			path = NBGI;
			sourceTree = "<group>";
		};
		1969758218A2E379004AC6EE /* Supporting Files */ = {
			isa = PBXGroup;
			children = (
				1969758318A2E379004AC6EE /* NBGI-Info.plist */,
				1969758418A2E379004AC6EE /* InfoPlist.strings */,
				1969758718A2E379004AC6EE /* main.m */,
				1969758918A2E379004AC6EE /* NBGI-Prefix.pch */,
			);
			name = "Supporting Files";
			sourceTree = "<group>";
		};
		1969759A18A2E379004AC6EE /* NBGITests */ = {
			isa = PBXGroup;
			children = (
				196975A018A2E379004AC6EE /* NBGITests.m */,
				1969759B18A2E379004AC6EE /* Supporting Files */,
			);
			path = NBGITests;
			sourceTree = "<group>";
		};
		1969759B18A2E379004AC6EE /* Supporting Files */ = {
			isa = PBXGroup;
			children = (
				1969759C18A2E379004AC6EE /* NBGITests-Info.plist */,
				1969759D18A2E379004AC6EE /* InfoPlist.strings */,
			);
			name = "Supporting Files";
			sourceTree = "<group>";
		};
		3236695318BDD16F0067A632 /* controllers */ = {
			isa = PBXGroup;
			children = (
				3236696218BDDD2A0067A632 /* MainViewController.h */,
				3236696318BDDD2A0067A632 /* MainViewController.m */,
				32EC03E918BEABDB00E3F7C7 /* Connect4ViewController.h */,
				32EC03EA18BEABDB00E3F7C7 /* Connect4ViewController.m */,
				22204A5518C00E6A00AD4637 /* BlahViewController.h */,
				22204A5618C00E6A00AD4637 /* BlahViewController.m */,
				19449DD818CBB94400B95D89 /* AppNaviViewController.h */,
				19449DD918CBB94400B95D89 /* AppNaviViewController.m */,
			);
			name = controllers;
			sourceTree = "<group>";
		};
		3236695418BDD1C90067A632 /* models */ = {
			isa = PBXGroup;
			children = (
				3298A06318BF2B8C0060DE8C /* Move.h */,
				3298A06418BF2B8C0060DE8C /* Move.m */,
				32A3FB2718D014A60068AA03 /* Player.h */,
				32A3FB2818D014A60068AA03 /* Player.m */,
			);
			name = models;
			sourceTree = "<group>";
		};
		3298A01718BEC1D00060DE8C /* assets */ = {
			isa = PBXGroup;
			children = (
				3298A05C18BF23960060DE8C /* board.png */,
				3298A05D18BF23960060DE8C /* redChip.png */,
				3298A05B18BF23960060DE8C /* blueChip.png */,
				3298A05E18BF23960060DE8C /* whiteChip.png */,
			);
			name = assets;
			sourceTree = "<group>";
		};
		3298A01818BEC1D70060DE8C /* scenes */ = {
			isa = PBXGroup;
			children = (
				3298A01418BEBD860060DE8C /* Connect4Scene.h */,
				3298A01518BEBD860060DE8C /* Connect4Scene.m */,
			);
			name = scenes;
			sourceTree = "<group>";
		};
		32A3FADE18D002BB0068AA03 /* socketio.objc */ = {
			isa = PBXGroup;
			children = (
				32A3FADF18D002BB0068AA03 /* JSON-Framework */,
				32A3FAF518D002BB0068AA03 /* SocketIO.h */,
				32A3FAF618D002BB0068AA03 /* SocketIO.m */,
				32A3FAF718D002BB0068AA03 /* SocketIOJSONSerialization.h */,
				32A3FAF818D002BB0068AA03 /* SocketIOJSONSerialization.m */,
				32A3FAF918D002BB0068AA03 /* SocketIOPacket.h */,
				32A3FAFA18D002BB0068AA03 /* SocketIOPacket.m */,
				32A3FAFB18D002BB0068AA03 /* SocketIOTransport.h */,
				32A3FAFC18D002BB0068AA03 /* SocketIOTransportWebsocket.h */,
				32A3FAFD18D002BB0068AA03 /* SocketIOTransportWebsocket.m */,
				32A3FAFE18D002BB0068AA03 /* SocketIOTransportXHR.h */,
				32A3FAFF18D002BB0068AA03 /* SocketIOTransportXHR.m */,
				32A3FB0018D002BB0068AA03 /* SocketRocket */,
			);
			path = socketio.objc;
			sourceTree = "<group>";
		};
		32A3FADF18D002BB0068AA03 /* JSON-Framework */ = {
			isa = PBXGroup;
			children = (
				32A3FAE018D002BB0068AA03 /* SBJson.h */,
				32A3FAE118D002BB0068AA03 /* SBJsonParser.h */,
				32A3FAE218D002BB0068AA03 /* SBJsonParser.m */,
				32A3FAE318D002BB0068AA03 /* SBJsonStreamParser.h */,
				32A3FAE418D002BB0068AA03 /* SBJsonStreamParser.m */,
				32A3FAE518D002BB0068AA03 /* SBJsonStreamParserAccumulator.h */,
				32A3FAE618D002BB0068AA03 /* SBJsonStreamParserAccumulator.m */,
				32A3FAE718D002BB0068AA03 /* SBJsonStreamParserAdapter.h */,
				32A3FAE818D002BB0068AA03 /* SBJsonStreamParserAdapter.m */,
				32A3FAE918D002BB0068AA03 /* SBJsonStreamParserState.h */,
				32A3FAEA18D002BB0068AA03 /* SBJsonStreamParserState.m */,
				32A3FAEB18D002BB0068AA03 /* SBJsonStreamTokeniser.h */,
				32A3FAEC18D002BB0068AA03 /* SBJsonStreamTokeniser.m */,
				32A3FAED18D002BB0068AA03 /* SBJsonStreamWriter.h */,
				32A3FAEE18D002BB0068AA03 /* SBJsonStreamWriter.m */,
				32A3FAEF18D002BB0068AA03 /* SBJsonStreamWriterAccumulator.h */,
				32A3FAF018D002BB0068AA03 /* SBJsonStreamWriterAccumulator.m */,
				32A3FAF118D002BB0068AA03 /* SBJsonStreamWriterState.h */,
				32A3FAF218D002BB0068AA03 /* SBJsonStreamWriterState.m */,
				32A3FAF318D002BB0068AA03 /* SBJsonWriter.h */,
				32A3FAF418D002BB0068AA03 /* SBJsonWriter.m */,
			);
			path = "JSON-Framework";
			sourceTree = "<group>";
		};
		32A3FB0018D002BB0068AA03 /* SocketRocket */ = {
			isa = PBXGroup;
			children = (
				32A3FB1A18D0033F0068AA03 /* SRWebSocket.h */,
				32A3FB1B18D0033F0068AA03 /* SRWebSocket.m */,
				32A3FB0118D002BB0068AA03 /* base64.c */,
				32A3FB0218D002BB0068AA03 /* base64.h */,
				32A3FB0318D002BB0068AA03 /* NSData+SRB64Additions.h */,
				32A3FB0418D002BB0068AA03 /* NSData+SRB64Additions.m */,
				32A3FB0518D002BB0068AA03 /* SocketRocket-Prefix.pch */,
			);
			path = SocketRocket;
			sourceTree = "<group>";
		};
/* End PBXGroup section */

/* Begin PBXNativeTarget section */
		1969757718A2E379004AC6EE /* NBGI */ = {
			isa = PBXNativeTarget;
			buildConfigurationList = 196975A418A2E379004AC6EE /* Build configuration list for PBXNativeTarget "NBGI" */;
			buildPhases = (
				1969757418A2E379004AC6EE /* Sources */,
				1969757518A2E379004AC6EE /* Frameworks */,
				1969757618A2E379004AC6EE /* Resources */,
			);
			buildRules = (
			);
			dependencies = (
			);
			name = NBGI;
			productName = NBGI;
			productReference = 1969757818A2E379004AC6EE /* NBGI.app */;
			productType = "com.apple.product-type.application";
		};
		1969759218A2E379004AC6EE /* NBGITests */ = {
			isa = PBXNativeTarget;
			buildConfigurationList = 196975A718A2E379004AC6EE /* Build configuration list for PBXNativeTarget "NBGITests" */;
			buildPhases = (
				1969758F18A2E379004AC6EE /* Sources */,
				1969759018A2E379004AC6EE /* Frameworks */,
				1969759118A2E379004AC6EE /* Resources */,
			);
			buildRules = (
			);
			dependencies = (
				1969759918A2E379004AC6EE /* PBXTargetDependency */,
			);
			name = NBGITests;
			productName = NBGITests;
			productReference = 1969759318A2E379004AC6EE /* NBGITests.xctest */;
			productType = "com.apple.product-type.bundle.unit-test";
		};
/* End PBXNativeTarget section */

/* Begin PBXProject section */
		1969757018A2E379004AC6EE /* Project object */ = {
			isa = PBXProject;
			attributes = {
				LastUpgradeCheck = 0500;
				ORGANIZATIONNAME = "Christopher Catton";
				TargetAttributes = {
					1969759218A2E379004AC6EE = {
						TestTargetID = 1969757718A2E379004AC6EE;
					};
				};
			};
			buildConfigurationList = 1969757318A2E379004AC6EE /* Build configuration list for PBXProject "NBGI" */;
			compatibilityVersion = "Xcode 3.2";
			developmentRegion = English;
			hasScannedForEncodings = 0;
			knownRegions = (
				en,
			);
			mainGroup = 1969756F18A2E379004AC6EE;
			productRefGroup = 1969757918A2E379004AC6EE /* Products */;
			projectDirPath = "";
			projectRoot = "";
			targets = (
				1969757718A2E379004AC6EE /* NBGI */,
				1969759218A2E379004AC6EE /* NBGITests */,
			);
		};
/* End PBXProject section */

/* Begin PBXResourcesBuildPhase section */
		1969757618A2E379004AC6EE /* Resources */ = {
			isa = PBXResourcesBuildPhase;
			buildActionMask = 2147483647;
			files = (
				3236694318BC54E40067A632 /* Main.storyboard in Resources */,
				1969758618A2E379004AC6EE /* InfoPlist.strings in Resources */,
				1969758E18A2E379004AC6EE /* Images.xcassets in Resources */,
				3298A06118BF23960060DE8C /* redChip.png in Resources */,
				3298A06018BF23960060DE8C /* board.png in Resources */,
				3298A06218BF23960060DE8C /* whiteChip.png in Resources */,
				3298A05F18BF23960060DE8C /* blueChip.png in Resources */,
			);
			runOnlyForDeploymentPostprocessing = 0;
		};
		1969759118A2E379004AC6EE /* Resources */ = {
			isa = PBXResourcesBuildPhase;
			buildActionMask = 2147483647;
			files = (
				1969759F18A2E379004AC6EE /* InfoPlist.strings in Resources */,
			);
			runOnlyForDeploymentPostprocessing = 0;
		};
/* End PBXResourcesBuildPhase section */

/* Begin PBXSourcesBuildPhase section */
		1969757418A2E379004AC6EE /* Sources */ = {
			isa = PBXSourcesBuildPhase;
			buildActionMask = 2147483647;
			files = (
				32A3FB1618D002BB0068AA03 /* SocketIOTransportXHR.m in Sources */,
				32A3FB1018D002BB0068AA03 /* SBJsonStreamWriterState.m in Sources */,
				19449DDA18CBB94400B95D89 /* AppNaviViewController.m in Sources */,
				32A3FB1418D002BB0068AA03 /* SocketIOPacket.m in Sources */,
				1969758C18A2E379004AC6EE /* AppDelegate.m in Sources */,
				32A3FB0F18D002BB0068AA03 /* SBJsonStreamWriterAccumulator.m in Sources */,
				32A3FB0C18D002BB0068AA03 /* SBJsonStreamParserState.m in Sources */,
				1969758818A2E379004AC6EE /* main.m in Sources */,
				3236696418BDDD2A0067A632 /* MainViewController.m in Sources */,
				32A3FB1318D002BB0068AA03 /* SocketIOJSONSerialization.m in Sources */,
				3298A01618BEBD860060DE8C /* Connect4Scene.m in Sources */,
				22204A5718C00E6A00AD4637 /* BlahViewController.m in Sources */,
				32A3FB1218D002BB0068AA03 /* SocketIO.m in Sources */,
				32A3FB0A18D002BB0068AA03 /* SBJsonStreamParserAccumulator.m in Sources */,
				32A3FB0818D002BB0068AA03 /* SBJsonParser.m in Sources */,
				3298A06518BF2B8C0060DE8C /* Move.m in Sources */,
				32A3FB2918D014A60068AA03 /* Player.m in Sources */,
				32EC03EB18BEABDB00E3F7C7 /* Connect4ViewController.m in Sources */,
				32A3FB1118D002BB0068AA03 /* SBJsonWriter.m in Sources */,
				32A3FB0918D002BB0068AA03 /* SBJsonStreamParser.m in Sources */,
				32A3FB1518D002BB0068AA03 /* SocketIOTransportWebsocket.m in Sources */,
				32A3FB1818D002BB0068AA03 /* NSData+SRB64Additions.m in Sources */,
				32A3FB0B18D002BB0068AA03 /* SBJsonStreamParserAdapter.m in Sources */,
				32A3FB0E18D002BB0068AA03 /* SBJsonStreamWriter.m in Sources */,
				32A3FB1718D002BB0068AA03 /* base64.c in Sources */,
				32A3FB1C18D0033F0068AA03 /* SRWebSocket.m in Sources */,
				32A3FB0D18D002BB0068AA03 /* SBJsonStreamTokeniser.m in Sources */,
			);
			runOnlyForDeploymentPostprocessing = 0;
		};
		1969758F18A2E379004AC6EE /* Sources */ = {
			isa = PBXSourcesBuildPhase;
			buildActionMask = 2147483647;
			files = (
				196975A118A2E379004AC6EE /* NBGITests.m in Sources */,
			);
			runOnlyForDeploymentPostprocessing = 0;
		};
/* End PBXSourcesBuildPhase section */

/* Begin PBXTargetDependency section */
		1969759918A2E379004AC6EE /* PBXTargetDependency */ = {
			isa = PBXTargetDependency;
			target = 1969757718A2E379004AC6EE /* NBGI */;
			targetProxy = 1969759818A2E379004AC6EE /* PBXContainerItemProxy */;
		};
/* End PBXTargetDependency section */

/* Begin PBXVariantGroup section */
		1969758418A2E379004AC6EE /* InfoPlist.strings */ = {
			isa = PBXVariantGroup;
			children = (
				1969758518A2E379004AC6EE /* en */,
			);
			name = InfoPlist.strings;
			sourceTree = "<group>";
		};
		1969759D18A2E379004AC6EE /* InfoPlist.strings */ = {
			isa = PBXVariantGroup;
			children = (
				1969759E18A2E379004AC6EE /* en */,
			);
			name = InfoPlist.strings;
			sourceTree = "<group>";
		};
/* End PBXVariantGroup section */

/* Begin XCBuildConfiguration section */
		196975A218A2E379004AC6EE /* Debug */ = {
			isa = XCBuildConfiguration;
			buildSettings = {
				ALWAYS_SEARCH_USER_PATHS = NO;
				ARCHS = "$(ARCHS_STANDARD_INCLUDING_64_BIT)";
				CLANG_CXX_LANGUAGE_STANDARD = "gnu++0x";
				CLANG_CXX_LIBRARY = "libc++";
				CLANG_ENABLE_MODULES = YES;
				CLANG_ENABLE_OBJC_ARC = YES;
				CLANG_WARN_BOOL_CONVERSION = YES;
				CLANG_WARN_CONSTANT_CONVERSION = YES;
				CLANG_WARN_DIRECT_OBJC_ISA_USAGE = YES_ERROR;
				CLANG_WARN_EMPTY_BODY = YES;
				CLANG_WARN_ENUM_CONVERSION = YES;
				CLANG_WARN_INT_CONVERSION = YES;
				CLANG_WARN_OBJC_ROOT_CLASS = YES_ERROR;
				CLANG_WARN__DUPLICATE_METHOD_MATCH = YES;
				"CODE_SIGN_IDENTITY[sdk=iphoneos*]" = "iPhone Developer";
				COPY_PHASE_STRIP = NO;
				GCC_C_LANGUAGE_STANDARD = gnu99;
				GCC_DYNAMIC_NO_PIC = NO;
				GCC_OPTIMIZATION_LEVEL = 0;
				GCC_PREPROCESSOR_DEFINITIONS = (
					"DEBUG=1",
					"$(inherited)",
				);
				GCC_SYMBOLS_PRIVATE_EXTERN = NO;
				GCC_WARN_64_TO_32_BIT_CONVERSION = YES;
				GCC_WARN_ABOUT_RETURN_TYPE = YES_ERROR;
				GCC_WARN_UNDECLARED_SELECTOR = YES;
				GCC_WARN_UNINITIALIZED_AUTOS = YES;
				GCC_WARN_UNUSED_FUNCTION = YES;
				GCC_WARN_UNUSED_VARIABLE = YES;
				IPHONEOS_DEPLOYMENT_TARGET = 7.0;
				ONLY_ACTIVE_ARCH = YES;
				SDKROOT = iphoneos;
				TARGETED_DEVICE_FAMILY = "1,2";
			};
			name = Debug;
		};
		196975A318A2E379004AC6EE /* Release */ = {
			isa = XCBuildConfiguration;
			buildSettings = {
				ALWAYS_SEARCH_USER_PATHS = NO;
				ARCHS = "$(ARCHS_STANDARD_INCLUDING_64_BIT)";
				CLANG_CXX_LANGUAGE_STANDARD = "gnu++0x";
				CLANG_CXX_LIBRARY = "libc++";
				CLANG_ENABLE_MODULES = YES;
				CLANG_ENABLE_OBJC_ARC = YES;
				CLANG_WARN_BOOL_CONVERSION = YES;
				CLANG_WARN_CONSTANT_CONVERSION = YES;
				CLANG_WARN_DIRECT_OBJC_ISA_USAGE = YES_ERROR;
				CLANG_WARN_EMPTY_BODY = YES;
				CLANG_WARN_ENUM_CONVERSION = YES;
				CLANG_WARN_INT_CONVERSION = YES;
				CLANG_WARN_OBJC_ROOT_CLASS = YES_ERROR;
				CLANG_WARN__DUPLICATE_METHOD_MATCH = YES;
				"CODE_SIGN_IDENTITY[sdk=iphoneos*]" = "iPhone Developer";
				COPY_PHASE_STRIP = YES;
				ENABLE_NS_ASSERTIONS = NO;
				GCC_C_LANGUAGE_STANDARD = gnu99;
				GCC_WARN_64_TO_32_BIT_CONVERSION = YES;
				GCC_WARN_ABOUT_RETURN_TYPE = YES_ERROR;
				GCC_WARN_UNDECLARED_SELECTOR = YES;
				GCC_WARN_UNINITIALIZED_AUTOS = YES;
				GCC_WARN_UNUSED_FUNCTION = YES;
				GCC_WARN_UNUSED_VARIABLE = YES;
				IPHONEOS_DEPLOYMENT_TARGET = 7.0;
				SDKROOT = iphoneos;
				TARGETED_DEVICE_FAMILY = "1,2";
				VALIDATE_PRODUCT = YES;
			};
			name = Release;
		};
		196975A518A2E379004AC6EE /* Debug */ = {
			isa = XCBuildConfiguration;
			buildSettings = {
				ASSETCATALOG_COMPILER_APPICON_NAME = AppIcon;
				ASSETCATALOG_COMPILER_LAUNCHIMAGE_NAME = LaunchImage;
				CODE_SIGN_IDENTITY = "iPhone Developer";
				GCC_PRECOMPILE_PREFIX_HEADER = YES;
				GCC_PREFIX_HEADER = "NBGI/NBGI-Prefix.pch";
				INFOPLIST_FILE = "NBGI/NBGI-Info.plist";
				IPHONEOS_DEPLOYMENT_TARGET = 7.0;
				PRODUCT_NAME = "$(TARGET_NAME)";
				TARGETED_DEVICE_FAMILY = "1,2";
				WRAPPER_EXTENSION = app;
			};
			name = Debug;
		};
		196975A618A2E379004AC6EE /* Release */ = {
			isa = XCBuildConfiguration;
			buildSettings = {
				ASSETCATALOG_COMPILER_APPICON_NAME = AppIcon;
				ASSETCATALOG_COMPILER_LAUNCHIMAGE_NAME = LaunchImage;
				CODE_SIGN_IDENTITY = "iPhone Developer";
				GCC_PRECOMPILE_PREFIX_HEADER = YES;
				GCC_PREFIX_HEADER = "NBGI/NBGI-Prefix.pch";
				INFOPLIST_FILE = "NBGI/NBGI-Info.plist";
				IPHONEOS_DEPLOYMENT_TARGET = 7.0;
				PRODUCT_NAME = "$(TARGET_NAME)";
				TARGETED_DEVICE_FAMILY = "1,2";
				WRAPPER_EXTENSION = app;
			};
			name = Release;
		};
		196975A818A2E379004AC6EE /* Debug */ = {
			isa = XCBuildConfiguration;
			buildSettings = {
				ARCHS = "$(ARCHS_STANDARD_INCLUDING_64_BIT)";
				BUNDLE_LOADER = "$(BUILT_PRODUCTS_DIR)/NBGI.app/NBGI";
				FRAMEWORK_SEARCH_PATHS = (
					"$(SDKROOT)/Developer/Library/Frameworks",
					"$(inherited)",
					"$(DEVELOPER_FRAMEWORKS_DIR)",
				);
				GCC_PRECOMPILE_PREFIX_HEADER = YES;
				GCC_PREFIX_HEADER = "NBGI/NBGI-Prefix.pch";
				GCC_PREPROCESSOR_DEFINITIONS = (
					"DEBUG=1",
					"$(inherited)",
				);
				INFOPLIST_FILE = "NBGITests/NBGITests-Info.plist";
				PRODUCT_NAME = "$(TARGET_NAME)";
				TEST_HOST = "$(BUNDLE_LOADER)";
				WRAPPER_EXTENSION = xctest;
			};
			name = Debug;
		};
		196975A918A2E379004AC6EE /* Release */ = {
			isa = XCBuildConfiguration;
			buildSettings = {
				ARCHS = "$(ARCHS_STANDARD_INCLUDING_64_BIT)";
				BUNDLE_LOADER = "$(BUILT_PRODUCTS_DIR)/NBGI.app/NBGI";
				FRAMEWORK_SEARCH_PATHS = (
					"$(SDKROOT)/Developer/Library/Frameworks",
					"$(inherited)",
					"$(DEVELOPER_FRAMEWORKS_DIR)",
				);
				GCC_PRECOMPILE_PREFIX_HEADER = YES;
				GCC_PREFIX_HEADER = "NBGI/NBGI-Prefix.pch";
				INFOPLIST_FILE = "NBGITests/NBGITests-Info.plist";
				PRODUCT_NAME = "$(TARGET_NAME)";
				TEST_HOST = "$(BUNDLE_LOADER)";
				WRAPPER_EXTENSION = xctest;
			};
			name = Release;
		};
/* End XCBuildConfiguration section */

/* Begin XCConfigurationList section */
		1969757318A2E379004AC6EE /* Build configuration list for PBXProject "NBGI" */ = {
			isa = XCConfigurationList;
			buildConfigurations = (
				196975A218A2E379004AC6EE /* Debug */,
				196975A318A2E379004AC6EE /* Release */,
			);
			defaultConfigurationIsVisible = 0;
			defaultConfigurationName = Release;
		};
		196975A418A2E379004AC6EE /* Build configuration list for PBXNativeTarget "NBGI" */ = {
			isa = XCConfigurationList;
			buildConfigurations = (
				196975A518A2E379004AC6EE /* Debug */,
				196975A618A2E379004AC6EE /* Release */,
			);
			defaultConfigurationIsVisible = 0;
			defaultConfigurationName = Release;
		};
		196975A718A2E379004AC6EE /* Build configuration list for PBXNativeTarget "NBGITests" */ = {
			isa = XCConfigurationList;
			buildConfigurations = (
				196975A818A2E379004AC6EE /* Debug */,
				196975A918A2E379004AC6EE /* Release */,
			);
			defaultConfigurationIsVisible = 0;
			defaultConfigurationName = Release;
		};
/* End XCConfigurationList section */
	};
	rootObject = 1969757018A2E379004AC6EE /* Project object */;
}
